
Microsoft Visual Studio Solution File, Format Version 12.00
# Visual Studio Version 17
VisualStudioVersion = 17.11.35303.130
MinimumVisualStudioVersion = 10.0.40219.1
Project("{FAE04EC0-301F-11D3-BF4B-00C04F79EFBC}") = "WeatherStationFunction", "WeatherStationFunction\WeatherStationFunction.csproj", "{ADA794C6-C662-460D-BDA5-1EED783888E4}"
EndProject
Global
	GlobalSection(SolutionConfigurationPlatforms) = preSolution
		Debug|Any CPU = Debug|Any CPU
		Release|Any CPU = Release|Any CPU
	EndGlobalSection
	GlobalSection(ProjectConfigurationPlatforms) = postSolution
		{ADA794C6-C662-460D-BDA5-1EED783888E4}.Debug|Any CPU.ActiveCfg = Debug|Any CPU
		{ADA794C6-C662-460D-BDA5-1EED783888E4}.Debug|Any CPU.Build.0 = Debug|Any CPU
		{ADA794C6-C662-460D-BDA5-1EED783888E4}.Release|Any CPU.ActiveCfg = Release|Any CPU
		{ADA794C6-C662-460D-BDA5-1EED783888E4}.Release|Any CPU.Build.0 = Release|Any CPU
	EndGlobalSection
	GlobalSection(SolutionProperties) = preSolution
		HideSolutionNode = FALSE
	EndGlobalSection
	GlobalSection(ExtensibilityGlobals) = postSolution
		SolutionGuid = {573A20C5-C564-4475-81B0-834DAA75A44D}
	EndGlobalSection
EndGlobal
